
Microsoft Visual Studio Solution File, Format Version 12.00
# Visual Studio Version 16
VisualStudioVersion = 16.0.32929.386
MinimumVisualStudioVersion = 10.0.40219.1
Project("{FAE04EC0-301F-11D3-BF4B-00C04F79EFBC}") = "Baraholka", "Baraholka.csproj", "{8982D554-4C51-4FBF-9F42-B04E2AB0BAF8}"
EndProject
Global
	GlobalSection(SolutionConfigurationPlatforms) = preSolution
		Debug|Any CPU = Debug|Any CPU
		Release|Any CPU = Release|Any CPU
	EndGlobalSection
	GlobalSection(ProjectConfigurationPlatforms) = postSolution
		{8982D554-4C51-4FBF-9F42-B04E2AB0BAF8}.Debug|Any CPU.ActiveCfg = Debug|Any CPU
		{8982D554-4C51-4FBF-9F42-B04E2AB0BAF8}.Debug|Any CPU.Build.0 = Debug|Any CPU
		{8982D554-4C51-4FBF-9F42-B04E2AB0BAF8}.Release|Any CPU.ActiveCfg = Release|Any CPU
		{8982D554-4C51-4FBF-9F42-B04E2AB0BAF8}.Release|Any CPU.Build.0 = Release|Any CPU
	EndGlobalSection
	GlobalSection(SolutionProperties) = preSolution
		HideSolutionNode = FALSE
	EndGlobalSection
	GlobalSection(ExtensibilityGlobals) = postSolution
		SolutionGuid = {FE3EEFE8-7560-4942-A946-9D07CE119DE7}
	EndGlobalSection
EndGlobal
